
Microsoft Visual Studio Solution File, Format Version 12.00
# Visual Studio Version 17
VisualStudioVersion = 17.7.34018.315
MinimumVisualStudioVersion = 10.0.40219.1
Project("{FAE04EC0-301F-11D3-BF4B-00C04F79EFBC}") = "WebcamQuickProfiles", "WebcamQuickProfiles.csproj", "{D1EAA9D0-E055-410A-AB9C-FB5D2477E26C}"
EndProject
Global
	GlobalSection(SolutionConfigurationPlatforms) = preSolution
		Debug|Any CPU = Debug|Any CPU
		Release|Any CPU = Release|Any CPU
	EndGlobalSection
	GlobalSection(ProjectConfigurationPlatforms) = postSolution
		{D1EAA9D0-E055-410A-AB9C-FB5D2477E26C}.Debug|Any CPU.ActiveCfg = Debug|Any CPU
		{D1EAA9D0-E055-410A-AB9C-FB5D2477E26C}.Debug|Any CPU.Build.0 = Debug|Any CPU
		{D1EAA9D0-E055-410A-AB9C-FB5D2477E26C}.Release|Any CPU.ActiveCfg = Release|Any CPU
		{D1EAA9D0-E055-410A-AB9C-FB5D2477E26C}.Release|Any CPU.Build.0 = Release|Any CPU
	EndGlobalSection
	GlobalSection(SolutionProperties) = preSolution
		HideSolutionNode = FALSE
	EndGlobalSection
	GlobalSection(ExtensibilityGlobals) = postSolution
		SolutionGuid = {1A49A70C-3E13-4B58-8EC5-9F5C15CE1AAC}
	EndGlobalSection
EndGlobal
